// !$*UTF8*$!
{
	archiveVersion = 1;
	classes = {
	};
	objectVersion = 55;
	objects = {

/* Begin PBXBuildFile section */
		81C996EF1F8FAD39E278D471 /* Pods_GCDSocketDemo.framework in Frameworks */ = {isa = PBXBuildFile; fileRef = 3530C4EA06DBE6910019F4D5 /* Pods_GCDSocketDemo.framework */; };
		9D03F12E2CFC7AA900AE4BA0 /* SocketBaseManager.swift in Sources */ = {isa = PBXBuildFile; fileRef = 9D03F12D2CFC7AA900AE4BA0 /* SocketBaseManager.swift */; };
		9D03F1302CFCA1A500AE4BA0 /* ReceiveMessageTask.swift in Sources */ = {isa = PBXBuildFile; fileRef = 9D03F12F2CFCA1A500AE4BA0 /* ReceiveMessageTask.swift */; };
		9D03F1322CFE022500AE4BA0 /* PPCatalystPlugin.bundle in Embed PlugIns */ = {isa = PBXBuildFile; fileRef = 9D03F1312CFE022500AE4BA0 /* PPCatalystPlugin.bundle */; settings = {ATTRIBUTES = (CodeSignOnCopy, RemoveHeadersOnCopy, ); }; };
		9D03F1342CFE023E00AE4BA0 /* PPCatalystPlugin.bundle in Frameworks */ = {isa = PBXBuildFile; fileRef = 9D03F1312CFE022500AE4BA0 /* PPCatalystPlugin.bundle */; };
		9D03F1372CFE071E00AE4BA0 /* Codable+Covertable.swift in Sources */ = {isa = PBXBuildFile; fileRef = 9D03F1362CFE071E00AE4BA0 /* Codable+Covertable.swift */; };
		9D0B6D9B2CEF6FD600FA009F /* SendMessageTask.swift in Sources */ = {isa = PBXBuildFile; fileRef = 9D0B6D9A2CEF6FD600FA009F /* SendMessageTask.swift */; };
		9D0FA6F02A1488830091D0E7 /* AppDelegate.swift in Sources */ = {isa = PBXBuildFile; fileRef = 9D0FA6EF2A1488830091D0E7 /* AppDelegate.swift */; };
		9D0FA6F22A1488830091D0E7 /* SceneDelegate.swift in Sources */ = {isa = PBXBuildFile; fileRef = 9D0FA6F12A1488830091D0E7 /* SceneDelegate.swift */; };
		9D0FA6F42A1488830091D0E7 /* ViewController.swift in Sources */ = {isa = PBXBuildFile; fileRef = 9D0FA6F32A1488830091D0E7 /* ViewController.swift */; };
		9D0FA6F72A1488830091D0E7 /* Main.storyboard in Resources */ = {isa = PBXBuildFile; fileRef = 9D0FA6F52A1488830091D0E7 /* Main.storyboard */; };
		9D0FA6F92A1488840091D0E7 /* Assets.xcassets in Resources */ = {isa = PBXBuildFile; fileRef = 9D0FA6F82A1488840091D0E7 /* Assets.xcassets */; };
		9D0FA6FC2A1488840091D0E7 /* LaunchScreen.storyboard in Resources */ = {isa = PBXBuildFile; fileRef = 9D0FA6FA2A1488840091D0E7 /* LaunchScreen.storyboard */; };
		9D0FA7042A1489F50091D0E7 /* ServerSocketManager.swift in Sources */ = {isa = PBXBuildFile; fileRef = 9D0FA7032A1489F50091D0E7 /* ServerSocketManager.swift */; };
		9D0FA7062A1489FE0091D0E7 /* ClientSocketManager.swift in Sources */ = {isa = PBXBuildFile; fileRef = 9D0FA7052A1489FE0091D0E7 /* ClientSocketManager.swift */; };
		9D2C7EFB2D1810A300702B89 /* GSDefine.swift in Sources */ = {isa = PBXBuildFile; fileRef = 9D2C7EFA2D1810A300702B89 /* GSDefine.swift */; };
		9DCADB922D181C060039719D /* FilesListViewController.swift in Sources */ = {isa = PBXBuildFile; fileRef = 9DCADB912D181C060039719D /* FilesListViewController.swift */; };
		9DCADB962D1820400039719D /* NSString+Ex.m in Sources */ = {isa = PBXBuildFile; fileRef = 9DCADB952D1820400039719D /* NSString+Ex.m */; };
/* End PBXBuildFile section */

/* Begin PBXCopyFilesBuildPhase section */
		9D03F1332CFE022500AE4BA0 /* Embed PlugIns */ = {
			isa = PBXCopyFilesBuildPhase;
			buildActionMask = 2147483647;
			dstPath = "";
			dstSubfolderSpec = 13;
			files = (
				9D03F1322CFE022500AE4BA0 /* PPCatalystPlugin.bundle in Embed PlugIns */,
			);
			name = "Embed PlugIns";
			runOnlyForDeploymentPostprocessing = 0;
		};
/* End PBXCopyFilesBuildPhase section */

/* Begin PBXFileReference section */
		3530C4EA06DBE6910019F4D5 /* Pods_GCDSocketDemo.framework */ = {isa = PBXFileReference; explicitFileType = wrapper.framework; includeInIndex = 0; path = Pods_GCDSocketDemo.framework; sourceTree = BUILT_PRODUCTS_DIR; };
		9D03F12D2CFC7AA900AE4BA0 /* SocketBaseManager.swift */ = {isa = PBXFileReference; lastKnownFileType = sourcecode.swift; path = SocketBaseManager.swift; sourceTree = "<group>"; };
		9D03F12F2CFCA1A500AE4BA0 /* ReceiveMessageTask.swift */ = {isa = PBXFileReference; lastKnownFileType = sourcecode.swift; path = ReceiveMessageTask.swift; sourceTree = "<group>"; };
		9D03F1312CFE022500AE4BA0 /* PPCatalystPlugin.bundle */ = {isa = PBXFileReference; lastKnownFileType = "wrapper.plug-in"; name = PPCatalystPlugin.bundle; path = Pods/PPCatalystTool/PPCatalystPlugin/Products/PPCatalystPlugin.bundle; sourceTree = "<group>"; };
		9D03F1362CFE071E00AE4BA0 /* Codable+Covertable.swift */ = {isa = PBXFileReference; lastKnownFileType = sourcecode.swift; path = "Codable+Covertable.swift"; sourceTree = "<group>"; };
		9D0675722CF24F8800C4E797 /* GCDSocketDemo.entitlements */ = {isa = PBXFileReference; lastKnownFileType = text.plist.entitlements; path = GCDSocketDemo.entitlements; sourceTree = "<group>"; };
		9D0B6D9A2CEF6FD600FA009F /* SendMessageTask.swift */ = {isa = PBXFileReference; lastKnownFileType = sourcecode.swift; path = SendMessageTask.swift; sourceTree = "<group>"; };
		9D0FA6EC2A1488830091D0E7 /* GCDSocketDemo.app */ = {isa = PBXFileReference; explicitFileType = wrapper.application; includeInIndex = 0; path = GCDSocketDemo.app; sourceTree = BUILT_PRODUCTS_DIR; };
		9D0FA6EF2A1488830091D0E7 /* AppDelegate.swift */ = {isa = PBXFileReference; lastKnownFileType = sourcecode.swift; path = AppDelegate.swift; sourceTree = "<group>"; };
		9D0FA6F12A1488830091D0E7 /* SceneDelegate.swift */ = {isa = PBXFileReference; lastKnownFileType = sourcecode.swift; path = SceneDelegate.swift; sourceTree = "<group>"; };
		9D0FA6F32A1488830091D0E7 /* ViewController.swift */ = {isa = PBXFileReference; lastKnownFileType = sourcecode.swift; path = ViewController.swift; sourceTree = "<group>"; };
		9D0FA6F62A1488830091D0E7 /* Base */ = {isa = PBXFileReference; lastKnownFileType = file.storyboard; name = Base; path = Base.lproj/Main.storyboard; sourceTree = "<group>"; };
		9D0FA6F82A1488840091D0E7 /* Assets.xcassets */ = {isa = PBXFileReference; lastKnownFileType = folder.assetcatalog; path = Assets.xcassets; sourceTree = "<group>"; };
		9D0FA6FB2A1488840091D0E7 /* Base */ = {isa = PBXFileReference; lastKnownFileType = file.storyboard; name = Base; path = Base.lproj/LaunchScreen.storyboard; sourceTree = "<group>"; };
		9D0FA6FD2A1488840091D0E7 /* Info.plist */ = {isa = PBXFileReference; lastKnownFileType = text.plist.xml; path = Info.plist; sourceTree = "<group>"; };
		9D0FA7032A1489F50091D0E7 /* ServerSocketManager.swift */ = {isa = PBXFileReference; lastKnownFileType = sourcecode.swift; path = ServerSocketManager.swift; sourceTree = "<group>"; };
		9D0FA7052A1489FE0091D0E7 /* ClientSocketManager.swift */ = {isa = PBXFileReference; lastKnownFileType = sourcecode.swift; path = ClientSocketManager.swift; sourceTree = "<group>"; };
		9D0FA70B2A1495950091D0E7 /* GCDSocketDemo-Brigding-Header.h */ = {isa = PBXFileReference; lastKnownFileType = sourcecode.c.h; path = "GCDSocketDemo-Brigding-Header.h"; sourceTree = "<group>"; };
		9D2C7EFA2D1810A300702B89 /* GSDefine.swift */ = {isa = PBXFileReference; lastKnownFileType = sourcecode.swift; path = GSDefine.swift; sourceTree = "<group>"; };
		9DCADB912D181C060039719D /* FilesListViewController.swift */ = {isa = PBXFileReference; lastKnownFileType = sourcecode.swift; path = FilesListViewController.swift; sourceTree = "<group>"; };
		9DCADB942D1820400039719D /* NSString+Ex.h */ = {isa = PBXFileReference; lastKnownFileType = sourcecode.c.h; path = "NSString+Ex.h"; sourceTree = "<group>"; };
		9DCADB952D1820400039719D /* NSString+Ex.m */ = {isa = PBXFileReference; lastKnownFileType = sourcecode.c.objc; path = "NSString+Ex.m"; sourceTree = "<group>"; };
		DD03948A9DD25EBA0088A7E6 /* Pods-GCDSocketDemo.release.xcconfig */ = {isa = PBXFileReference; includeInIndex = 1; lastKnownFileType = text.xcconfig; name = "Pods-GCDSocketDemo.release.xcconfig"; path = "Target Support Files/Pods-GCDSocketDemo/Pods-GCDSocketDemo.release.xcconfig"; sourceTree = "<group>"; };
		E330B0528B2C627878E6B58C /* Pods-GCDSocketDemo.debug.xcconfig */ = {isa = PBXFileReference; includeInIndex = 1; lastKnownFileType = text.xcconfig; name = "Pods-GCDSocketDemo.debug.xcconfig"; path = "Target Support Files/Pods-GCDSocketDemo/Pods-GCDSocketDemo.debug.xcconfig"; sourceTree = "<group>"; };
/* End PBXFileReference section */

/* Begin PBXFrameworksBuildPhase section */
		9D0FA6E92A1488830091D0E7 /* Frameworks */ = {
			isa = PBXFrameworksBuildPhase;
			buildActionMask = 2147483647;
			files = (
				81C996EF1F8FAD39E278D471 /* Pods_GCDSocketDemo.framework in Frameworks */,
				9D03F1342CFE023E00AE4BA0 /* PPCatalystPlugin.bundle in Frameworks */,
			);
			runOnlyForDeploymentPostprocessing = 0;
		};
/* End PBXFrameworksBuildPhase section */

/* Begin PBXGroup section */
		1A5CD081FA43CEDB953F5758 /* Frameworks */ = {
			isa = PBXGroup;
			children = (
				3530C4EA06DBE6910019F4D5 /* Pods_GCDSocketDemo.framework */,
				9D03F1312CFE022500AE4BA0 /* PPCatalystPlugin.bundle */,
			);
			name = Frameworks;
			sourceTree = "<group>";
		};
		2183F8CAC66AD361B38A1E12 /* Pods */ = {
			isa = PBXGroup;
			children = (
				E330B0528B2C627878E6B58C /* Pods-GCDSocketDemo.debug.xcconfig */,
				DD03948A9DD25EBA0088A7E6 /* Pods-GCDSocketDemo.release.xcconfig */,
			);
			path = Pods;
			sourceTree = "<group>";
		};
		9D03F12C2CFC7A8000AE4BA0 /* Socket */ = {
			isa = PBXGroup;
			children = (
				9D03F12D2CFC7AA900AE4BA0 /* SocketBaseManager.swift */,
				9D0FA7032A1489F50091D0E7 /* ServerSocketManager.swift */,
				9D0FA7052A1489FE0091D0E7 /* ClientSocketManager.swift */,
				9D0B6D9A2CEF6FD600FA009F /* SendMessageTask.swift */,
				9D03F12F2CFCA1A500AE4BA0 /* ReceiveMessageTask.swift */,
				9D03F1362CFE071E00AE4BA0 /* Codable+Covertable.swift */,
				9D2C7EFA2D1810A300702B89 /* GSDefine.swift */,
			);
			path = Socket;
			sourceTree = "<group>";
		};
		9D0FA6E32A1488830091D0E7 = {
			isa = PBXGroup;
			children = (
				9D0FA6EE2A1488830091D0E7 /* GCDSocketDemo */,
				9D0FA6ED2A1488830091D0E7 /* Products */,
				2183F8CAC66AD361B38A1E12 /* Pods */,
				1A5CD081FA43CEDB953F5758 /* Frameworks */,
			);
			sourceTree = "<group>";
		};
		9D0FA6ED2A1488830091D0E7 /* Products */ = {
			isa = PBXGroup;
			children = (
				9D0FA6EC2A1488830091D0E7 /* GCDSocketDemo.app */,
			);
			name = Products;
			sourceTree = "<group>";
		};
		9D0FA6EE2A1488830091D0E7 /* GCDSocketDemo */ = {
			isa = PBXGroup;
			children = (
				9DCADB932D181FB80039719D /* Category */,
				9DCADB902D181BF20039719D /* Files */,
				9D03F12C2CFC7A8000AE4BA0 /* Socket */,
				9D0675722CF24F8800C4E797 /* GCDSocketDemo.entitlements */,
				9D0FA6EF2A1488830091D0E7 /* AppDelegate.swift */,
				9D0FA6F12A1488830091D0E7 /* SceneDelegate.swift */,
				9D0FA6F32A1488830091D0E7 /* ViewController.swift */,
				9D0FA6F52A1488830091D0E7 /* Main.storyboard */,
				9D0FA6F82A1488840091D0E7 /* Assets.xcassets */,
				9D0FA6FA2A1488840091D0E7 /* LaunchScreen.storyboard */,
				9D0FA70B2A1495950091D0E7 /* GCDSocketDemo-Brigding-Header.h */,
				9D0FA6FD2A1488840091D0E7 /* Info.plist */,
			);
			path = GCDSocketDemo;
			sourceTree = "<group>";
		};
		9DCADB902D181BF20039719D /* Files */ = {
			isa = PBXGroup;
			children = (
				9DCADB912D181C060039719D /* FilesListViewController.swift */,
			);
			path = Files;
			sourceTree = "<group>";
		};
		9DCADB932D181FB80039719D /* Category */ = {
			isa = PBXGroup;
			children = (
				9DCADB942D1820400039719D /* NSString+Ex.h */,
				9DCADB952D1820400039719D /* NSString+Ex.m */,
			);
			path = Category;
			sourceTree = "<group>";
		};
/* End PBXGroup section */

/* Begin PBXNativeTarget section */
		9D0FA6EB2A1488830091D0E7 /* GCDSocketDemo */ = {
			isa = PBXNativeTarget;
			buildConfigurationList = 9D0FA7002A1488840091D0E7 /* Build configuration list for PBXNativeTarget "GCDSocketDemo" */;
			buildPhases = (
				BA34EDF8352909BE409C1F32 /* [CP] Check Pods Manifest.lock */,
				9D0FA6E82A1488830091D0E7 /* Sources */,
				9D0FA6E92A1488830091D0E7 /* Frameworks */,
				9D0FA6EA2A1488830091D0E7 /* Resources */,
				F3F86F89C6F54A6443B29FAC /* [CP] Embed Pods Frameworks */,
				9D03F1332CFE022500AE4BA0 /* Embed PlugIns */,
			);
			buildRules = (
			);
			dependencies = (
			);
			name = GCDSocketDemo;
			productName = GCDSocketDemo;
			productReference = 9D0FA6EC2A1488830091D0E7 /* GCDSocketDemo.app */;
			productType = "com.apple.product-type.application";
		};
/* End PBXNativeTarget section */

/* Begin PBXProject section */
		9D0FA6E42A1488830091D0E7 /* Project object */ = {
			isa = PBXProject;
			attributes = {
				BuildIndependentTargetsInParallel = 1;
				LastSwiftUpdateCheck = 1340;
				LastUpgradeCheck = 1340;
				TargetAttributes = {
					9D0FA6EB2A1488830091D0E7 = {
						CreatedOnToolsVersion = 13.4.1;
					};
				};
			};
			buildConfigurationList = 9D0FA6E72A1488830091D0E7 /* Build configuration list for PBXProject "GCDSocketDemo" */;
			compatibilityVersion = "Xcode 13.0";
			developmentRegion = en;
			hasScannedForEncodings = 0;
			knownRegions = (
				en,
				Base,
			);
			mainGroup = 9D0FA6E32A1488830091D0E7;
			productRefGroup = 9D0FA6ED2A1488830091D0E7 /* Products */;
			projectDirPath = "";
			projectRoot = "";
			targets = (
				9D0FA6EB2A1488830091D0E7 /* GCDSocketDemo */,
			);
		};
/* End PBXProject section */

/* Begin PBXResourcesBuildPhase section */
		9D0FA6EA2A1488830091D0E7 /* Resources */ = {
			isa = PBXResourcesBuildPhase;
			buildActionMask = 2147483647;
			files = (
				9D0FA6FC2A1488840091D0E7 /* LaunchScreen.storyboard in Resources */,
				9D0FA6F92A1488840091D0E7 /* Assets.xcassets in Resources */,
				9D0FA6F72A1488830091D0E7 /* Main.storyboard in Resources */,
			);
			runOnlyForDeploymentPostprocessing = 0;
		};
/* End PBXResourcesBuildPhase section */

/* Begin PBXShellScriptBuildPhase section */
		BA34EDF8352909BE409C1F32 /* [CP] Check Pods Manifest.lock */ = {
			isa = PBXShellScriptBuildPhase;
			buildActionMask = 2147483647;
			files = (
			);
			inputFileListPaths = (
			);
			inputPaths = (
				"${PODS_PODFILE_DIR_PATH}/Podfile.lock",
				"${PODS_ROOT}/Manifest.lock",
			);
			name = "[CP] Check Pods Manifest.lock";
			outputFileListPaths = (
			);
			outputPaths = (
				"$(DERIVED_FILE_DIR)/Pods-GCDSocketDemo-checkManifestLockResult.txt",
			);
			runOnlyForDeploymentPostprocessing = 0;
			shellPath = /bin/sh;
			shellScript = "diff \"${PODS_PODFILE_DIR_PATH}/Podfile.lock\" \"${PODS_ROOT}/Manifest.lock\" > /dev/null\nif [ $? != 0 ] ; then\n    # print error to STDERR\n    echo \"error: The sandbox is not in sync with the Podfile.lock. Run 'pod install' or update your CocoaPods installation.\" >&2\n    exit 1\nfi\n# This output is used by Xcode 'outputs' to avoid re-running this script phase.\necho \"SUCCESS\" > \"${SCRIPT_OUTPUT_FILE_0}\"\n";
			showEnvVarsInLog = 0;
		};
		F3F86F89C6F54A6443B29FAC /* [CP] Embed Pods Frameworks */ = {
			isa = PBXShellScriptBuildPhase;
			buildActionMask = 2147483647;
			files = (
			);
			inputFileListPaths = (
				"${PODS_ROOT}/Target Support Files/Pods-GCDSocketDemo/Pods-GCDSocketDemo-frameworks-${CONFIGURATION}-input-files.xcfilelist",
			);
			name = "[CP] Embed Pods Frameworks";
			outputFileListPaths = (
				"${PODS_ROOT}/Target Support Files/Pods-GCDSocketDemo/Pods-GCDSocketDemo-frameworks-${CONFIGURATION}-output-files.xcfilelist",
			);
			runOnlyForDeploymentPostprocessing = 0;
			shellPath = /bin/sh;
			shellScript = "\"${PODS_ROOT}/Target Support Files/Pods-GCDSocketDemo/Pods-GCDSocketDemo-frameworks.sh\"\n";
			showEnvVarsInLog = 0;
		};
/* End PBXShellScriptBuildPhase section */

/* Begin PBXSourcesBuildPhase section */
		9D0FA6E82A1488830091D0E7 /* Sources */ = {
			isa = PBXSourcesBuildPhase;
			buildActionMask = 2147483647;
			files = (
				9D03F12E2CFC7AA900AE4BA0 /* SocketBaseManager.swift in Sources */,
				9D0FA6F42A1488830091D0E7 /* ViewController.swift in Sources */,
				9D0FA6F02A1488830091D0E7 /* AppDelegate.swift in Sources */,
				9D0FA7042A1489F50091D0E7 /* ServerSocketManager.swift in Sources */,
				9DCADB962D1820400039719D /* NSString+Ex.m in Sources */,
				9D0B6D9B2CEF6FD600FA009F /* SendMessageTask.swift in Sources */,
				9D0FA6F22A1488830091D0E7 /* SceneDelegate.swift in Sources */,
				9D03F1372CFE071E00AE4BA0 /* Codable+Covertable.swift in Sources */,
				9D03F1302CFCA1A500AE4BA0 /* ReceiveMessageTask.swift in Sources */,
				9D2C7EFB2D1810A300702B89 /* GSDefine.swift in Sources */,
				9D0FA7062A1489FE0091D0E7 /* ClientSocketManager.swift in Sources */,
				9DCADB922D181C060039719D /* FilesListViewController.swift in Sources */,
			);
			runOnlyForDeploymentPostprocessing = 0;
		};
/* End PBXSourcesBuildPhase section */

/* Begin PBXVariantGroup section */
		9D0FA6F52A1488830091D0E7 /* Main.storyboard */ = {
			isa = PBXVariantGroup;
			children = (
				9D0FA6F62A1488830091D0E7 /* Base */,
			);
			name = Main.storyboard;
			sourceTree = "<group>";
		};
		9D0FA6FA2A1488840091D0E7 /* LaunchScreen.storyboard */ = {
			isa = PBXVariantGroup;
			children = (
				9D0FA6FB2A1488840091D0E7 /* Base */,
			);
			name = LaunchScreen.storyboard;
			sourceTree = "<group>";
		};
/* End PBXVariantGroup section */

/* Begin XCBuildConfiguration section */
		9D0FA6FE2A1488840091D0E7 /* Debug */ = {
			isa = XCBuildConfiguration;
			buildSettings = {
				ALWAYS_SEARCH_USER_PATHS = NO;
				CLANG_ANALYZER_NONNULL = YES;
				CLANG_ANALYZER_NUMBER_OBJECT_CONVERSION = YES_AGGRESSIVE;
				CLANG_CXX_LANGUAGE_STANDARD = "gnu++17";
				CLANG_ENABLE_MODULES = YES;
				CLANG_ENABLE_OBJC_ARC = YES;
				CLANG_ENABLE_OBJC_WEAK = YES;
				CLANG_WARN_BLOCK_CAPTURE_AUTORELEASING = YES;
				CLANG_WARN_BOOL_CONVERSION = YES;
				CLANG_WARN_COMMA = YES;
				CLANG_WARN_CONSTANT_CONVERSION = YES;
				CLANG_WARN_DEPRECATED_OBJC_IMPLEMENTATIONS = YES;
				CLANG_WARN_DIRECT_OBJC_ISA_USAGE = YES_ERROR;
				CLANG_WARN_DOCUMENTATION_COMMENTS = YES;
				CLANG_WARN_EMPTY_BODY = YES;
				CLANG_WARN_ENUM_CONVERSION = YES;
				CLANG_WARN_INFINITE_RECURSION = YES;
				CLANG_WARN_INT_CONVERSION = YES;
				CLANG_WARN_NON_LITERAL_NULL_CONVERSION = YES;
				CLANG_WARN_OBJC_IMPLICIT_RETAIN_SELF = YES;
				CLANG_WARN_OBJC_LITERAL_CONVERSION = YES;
				CLANG_WARN_OBJC_ROOT_CLASS = YES_ERROR;
				CLANG_WARN_QUOTED_INCLUDE_IN_FRAMEWORK_HEADER = YES;
				CLANG_WARN_RANGE_LOOP_ANALYSIS = YES;
				CLANG_WARN_STRICT_PROTOTYPES = YES;
				CLANG_WARN_SUSPICIOUS_MOVE = YES;
				CLANG_WARN_UNGUARDED_AVAILABILITY = YES_AGGRESSIVE;
				CLANG_WARN_UNREACHABLE_CODE = YES;
				CLANG_WARN__DUPLICATE_METHOD_MATCH = YES;
				COPY_PHASE_STRIP = NO;
				DEBUG_INFORMATION_FORMAT = dwarf;
				ENABLE_STRICT_OBJC_MSGSEND = YES;
				ENABLE_TESTABILITY = YES;
				GCC_C_LANGUAGE_STANDARD = gnu11;
				GCC_DYNAMIC_NO_PIC = NO;
				GCC_NO_COMMON_BLOCKS = YES;
				GCC_OPTIMIZATION_LEVEL = 0;
				GCC_PREPROCESSOR_DEFINITIONS = (
					"DEBUG=1",
					"$(inherited)",
				);
				GCC_WARN_64_TO_32_BIT_CONVERSION = YES;
				GCC_WARN_ABOUT_RETURN_TYPE = YES_ERROR;
				GCC_WARN_UNDECLARED_SELECTOR = YES;
				GCC_WARN_UNINITIALIZED_AUTOS = YES_AGGRESSIVE;
				GCC_WARN_UNUSED_FUNCTION = YES;
				GCC_WARN_UNUSED_VARIABLE = YES;
				IPHONEOS_DEPLOYMENT_TARGET = 15.5;
				MTL_ENABLE_DEBUG_INFO = INCLUDE_SOURCE;
				MTL_FAST_MATH = YES;
				ONLY_ACTIVE_ARCH = YES;
				SDKROOT = iphoneos;
				SWIFT_ACTIVE_COMPILATION_CONDITIONS = DEBUG;
				SWIFT_OPTIMIZATION_LEVEL = "-Onone";
			};
			name = Debug;
		};
		9D0FA6FF2A1488840091D0E7 /* Release */ = {
			isa = XCBuildConfiguration;
			buildSettings = {
				ALWAYS_SEARCH_USER_PATHS = NO;
				CLANG_ANALYZER_NONNULL = YES;
				CLANG_ANALYZER_NUMBER_OBJECT_CONVERSION = YES_AGGRESSIVE;
				CLANG_CXX_LANGUAGE_STANDARD = "gnu++17";
				CLANG_ENABLE_MODULES = YES;
				CLANG_ENABLE_OBJC_ARC = YES;
				CLANG_ENABLE_OBJC_WEAK = YES;
				CLANG_WARN_BLOCK_CAPTURE_AUTORELEASING = YES;
				CLANG_WARN_BOOL_CONVERSION = YES;
				CLANG_WARN_COMMA = YES;
				CLANG_WARN_CONSTANT_CONVERSION = YES;
				CLANG_WARN_DEPRECATED_OBJC_IMPLEMENTATIONS = YES;
				CLANG_WARN_DIRECT_OBJC_ISA_USAGE = YES_ERROR;
				CLANG_WARN_DOCUMENTATION_COMMENTS = YES;
				CLANG_WARN_EMPTY_BODY = YES;
				CLANG_WARN_ENUM_CONVERSION = YES;
				CLANG_WARN_INFINITE_RECURSION = YES;
				CLANG_WARN_INT_CONVERSION = YES;
				CLANG_WARN_NON_LITERAL_NULL_CONVERSION = YES;
				CLANG_WARN_OBJC_IMPLICIT_RETAIN_SELF = YES;
				CLANG_WARN_OBJC_LITERAL_CONVERSION = YES;
				CLANG_WARN_OBJC_ROOT_CLASS = YES_ERROR;
				CLANG_WARN_QUOTED_INCLUDE_IN_FRAMEWORK_HEADER = YES;
				CLANG_WARN_RANGE_LOOP_ANALYSIS = YES;
				CLANG_WARN_STRICT_PROTOTYPES = YES;
				CLANG_WARN_SUSPICIOUS_MOVE = YES;
				CLANG_WARN_UNGUARDED_AVAILABILITY = YES_AGGRESSIVE;
				CLANG_WARN_UNREACHABLE_CODE = YES;
				CLANG_WARN__DUPLICATE_METHOD_MATCH = YES;
				COPY_PHASE_STRIP = NO;
				DEBUG_INFORMATION_FORMAT = "dwarf-with-dsym";
				ENABLE_NS_ASSERTIONS = NO;
				ENABLE_STRICT_OBJC_MSGSEND = YES;
				GCC_C_LANGUAGE_STANDARD = gnu11;
				GCC_NO_COMMON_BLOCKS = YES;
				GCC_WARN_64_TO_32_BIT_CONVERSION = YES;
				GCC_WARN_ABOUT_RETURN_TYPE = YES_ERROR;
				GCC_WARN_UNDECLARED_SELECTOR = YES;
				GCC_WARN_UNINITIALIZED_AUTOS = YES_AGGRESSIVE;
				GCC_WARN_UNUSED_FUNCTION = YES;
				GCC_WARN_UNUSED_VARIABLE = YES;
				IPHONEOS_DEPLOYMENT_TARGET = 15.5;
				MTL_ENABLE_DEBUG_INFO = NO;
				MTL_FAST_MATH = YES;
				SDKROOT = iphoneos;
				SWIFT_COMPILATION_MODE = wholemodule;
				SWIFT_OPTIMIZATION_LEVEL = "-O";
				VALIDATE_PRODUCT = YES;
			};
			name = Release;
		};
		9D0FA7012A1488840091D0E7 /* Debug */ = {
			isa = XCBuildConfiguration;
			baseConfigurationReference = E330B0528B2C627878E6B58C /* Pods-GCDSocketDemo.debug.xcconfig */;
			buildSettings = {
				ASSETCATALOG_COMPILER_APPICON_NAME = AppIcon;
				ASSETCATALOG_COMPILER_GLOBAL_ACCENT_COLOR_NAME = AccentColor;
				CODE_SIGN_ENTITLEMENTS = GCDSocketDemo/GCDSocketDemo.entitlements;
				CODE_SIGN_STYLE = Automatic;
				CURRENT_PROJECT_VERSION = 1;
				DEVELOPMENT_TEAM = E7W6597ZYH;
				GENERATE_INFOPLIST_FILE = YES;
				INFOPLIST_FILE = GCDSocketDemo/Info.plist;
				INFOPLIST_KEY_NSDesktopFolderUsageDescription = "需要访问桌面文件夹以加载文件。";
				INFOPLIST_KEY_NSDocumentsFolderUsageDescription = "需要访问文档文件夹以加载文件。";
				INFOPLIST_KEY_NSDownloadsFolderUsageDescription = "需要访问下载文件夹以加载文件。";
				INFOPLIST_KEY_NSLocalNetworkUsageDescription = "需要访问本地网络以监听端口";
				INFOPLIST_KEY_UIApplicationSupportsIndirectInputEvents = YES;
				INFOPLIST_KEY_UILaunchStoryboardName = LaunchScreen;
				INFOPLIST_KEY_UIMainStoryboardFile = Main;
				INFOPLIST_KEY_UISupportedInterfaceOrientations_iPad = "UIInterfaceOrientationPortrait UIInterfaceOrientationPortraitUpsideDown UIInterfaceOrientationLandscapeLeft UIInterfaceOrientationLandscapeRight";
				INFOPLIST_KEY_UISupportedInterfaceOrientations_iPhone = "UIInterfaceOrientationPortrait UIInterfaceOrientationLandscapeLeft UIInterfaceOrientationLandscapeRight";
				IPHONEOS_DEPLOYMENT_TARGET = 13.0;
				LD_RUNPATH_SEARCH_PATHS = (
					"$(inherited)",
					"@executable_path/Frameworks",
				);
				MARKETING_VERSION = 1.0;
				PRODUCT_BUNDLE_IDENTIFIER = lzp.GCDSocketDemo;
				PRODUCT_NAME = "$(TARGET_NAME)";
				SUPPORTED_PLATFORMS = "iphoneos iphonesimulator";
				SUPPORTS_MACCATALYST = YES;
				SUPPORTS_MAC_DESIGNED_FOR_IPHONE_IPAD = YES;
				SWIFT_EMIT_LOC_STRINGS = YES;
				SWIFT_OBJC_BRIDGING_HEADER = "$(SRCROOT)/$(PROJECT_NAME)/GCDSocketDemo-Brigding-Header.h";
				SWIFT_VERSION = 5.0;
				TARGETED_DEVICE_FAMILY = "1,2";
			};
			name = Debug;
		};
		9D0FA7022A1488840091D0E7 /* Release */ = {
			isa = XCBuildConfiguration;
			baseConfigurationReference = DD03948A9DD25EBA0088A7E6 /* Pods-GCDSocketDemo.release.xcconfig */;
			buildSettings = {
				ASSETCATALOG_COMPILER_APPICON_NAME = AppIcon;
				ASSETCATALOG_COMPILER_GLOBAL_ACCENT_COLOR_NAME = AccentColor;
				CODE_SIGN_ENTITLEMENTS = GCDSocketDemo/GCDSocketDemo.entitlements;
				CODE_SIGN_STYLE = Automatic;
				CURRENT_PROJECT_VERSION = 1;
				DEVELOPMENT_TEAM = E7W6597ZYH;
				GENERATE_INFOPLIST_FILE = YES;
				INFOPLIST_FILE = GCDSocketDemo/Info.plist;
				INFOPLIST_KEY_NSDesktopFolderUsageDescription = "需要访问桌面文件夹以加载文件。";
				INFOPLIST_KEY_NSDocumentsFolderUsageDescription = "需要访问文档文件夹以加载文件。";
				INFOPLIST_KEY_NSDownloadsFolderUsageDescription = "需要访问下载文件夹以加载文件。";
				INFOPLIST_KEY_NSLocalNetworkUsageDescription = "需要访问本地网络以监听端口";
				INFOPLIST_KEY_UIApplicationSupportsIndirectInputEvents = YES;
				INFOPLIST_KEY_UILaunchStoryboardName = LaunchScreen;
				INFOPLIST_KEY_UIMainStoryboardFile = Main;
				INFOPLIST_KEY_UISupportedInterfaceOrientations_iPad = "UIInterfaceOrientationPortrait UIInterfaceOrientationPortraitUpsideDown UIInterfaceOrientationLandscapeLeft UIInterfaceOrientationLandscapeRight";
				INFOPLIST_KEY_UISupportedInterfaceOrientations_iPhone = "UIInterfaceOrientationPortrait UIInterfaceOrientationLandscapeLeft UIInterfaceOrientationLandscapeRight";
				IPHONEOS_DEPLOYMENT_TARGET = 13.0;
				LD_RUNPATH_SEARCH_PATHS = (
					"$(inherited)",
					"@executable_path/Frameworks",
				);
				MARKETING_VERSION = 1.0;
				PRODUCT_BUNDLE_IDENTIFIER = lzp.GCDSocketDemo;
				PRODUCT_NAME = "$(TARGET_NAME)";
				SUPPORTED_PLATFORMS = "iphoneos iphonesimulator";
				SUPPORTS_MACCATALYST = YES;
				SUPPORTS_MAC_DESIGNED_FOR_IPHONE_IPAD = YES;
				SWIFT_EMIT_LOC_STRINGS = YES;
				SWIFT_OBJC_BRIDGING_HEADER = "$(SRCROOT)/$(PROJECT_NAME)/GCDSocketDemo-Brigding-Header.h";
				SWIFT_VERSION = 5.0;
				TARGETED_DEVICE_FAMILY = "1,2";
			};
			name = Release;
		};
/* End XCBuildConfiguration section */

/* Begin XCConfigurationList section */
		9D0FA6E72A1488830091D0E7 /* Build configuration list for PBXProject "GCDSocketDemo" */ = {
			isa = XCConfigurationList;
			buildConfigurations = (
				9D0FA6FE2A1488840091D0E7 /* Debug */,
				9D0FA6FF2A1488840091D0E7 /* Release */,
			);
			defaultConfigurationIsVisible = 0;
			defaultConfigurationName = Release;
		};
		9D0FA7002A1488840091D0E7 /* Build configuration list for PBXNativeTarget "GCDSocketDemo" */ = {
			isa = XCConfigurationList;
			buildConfigurations = (
				9D0FA7012A1488840091D0E7 /* Debug */,
				9D0FA7022A1488840091D0E7 /* Release */,
			);
			defaultConfigurationIsVisible = 0;
			defaultConfigurationName = Release;
		};
/* End XCConfigurationList section */
	};
	rootObject = 9D0FA6E42A1488830091D0E7 /* Project object */;
}
